// !$*UTF8*$!
{
	archiveVersion = 1;
	classes = {
	};
	objectVersion = 46;
	objects = {

/* Begin PBXBuildFile section */
		EF5043FC1533CC7000377396 /* UIKit.framework in Frameworks */ = {isa = PBXBuildFile; fileRef = EF5043FB1533CC7000377396 /* UIKit.framework */; };
		EF5043FE1533CC7000377396 /* Foundation.framework in Frameworks */ = {isa = PBXBuildFile; fileRef = EF5043FD1533CC7000377396 /* Foundation.framework */; };
		EF5044001533CC7000377396 /* CoreGraphics.framework in Frameworks */ = {isa = PBXBuildFile; fileRef = EF5043FF1533CC7000377396 /* CoreGraphics.framework */; };
		EF5044061533CC7100377396 /* InfoPlist.strings in Resources */ = {isa = PBXBuildFile; fileRef = EF5044041533CC7100377396 /* InfoPlist.strings */; };
		EF5044081533CC7100377396 /* main.m in Sources */ = {isa = PBXBuildFile; fileRef = EF5044071533CC7100377396 /* main.m */; };
		EF50440C1533CC7100377396 /* BIDAppDelegate.m in Sources */ = {isa = PBXBuildFile; fileRef = EF50440B1533CC7100377396 /* BIDAppDelegate.m */; };
		EF50440F1533CC7100377396 /* BIDViewController.m in Sources */ = {isa = PBXBuildFile; fileRef = EF50440E1533CC7100377396 /* BIDViewController.m */; };
		EF5044121533CC7100377396 /* BIDViewController.xib in Resources */ = {isa = PBXBuildFile; fileRef = EF5044101533CC7100377396 /* BIDViewController.xib */; };
/* End PBXBuildFile section */

/* Begin PBXFileReference section */
		EF5043F71533CC7000377396 /* Button Fun.app */ = {isa = PBXFileReference; explicitFileType = wrapper.application; includeInIndex = 0; path = "Button Fun.app"; sourceTree = BUILT_PRODUCTS_DIR; };
		EF5043FB1533CC7000377396 /* UIKit.framework */ = {isa = PBXFileReference; lastKnownFileType = wrapper.framework; name = UIKit.framework; path = System/Library/Frameworks/UIKit.framework; sourceTree = SDKROOT; };
		EF5043FD1533CC7000377396 /* Foundation.framework */ = {isa = PBXFileReference; lastKnownFileType = wrapper.framework; name = Foundation.framework; path = System/Library/Frameworks/Foundation.framework; sourceTree = SDKROOT; };
		EF5043FF1533CC7000377396 /* CoreGraphics.framework */ = {isa = PBXFileReference; lastKnownFileType = wrapper.framework; name = CoreGraphics.framework; path = System/Library/Frameworks/CoreGraphics.framework; sourceTree = SDKROOT; };
		EF5044031533CC7100377396 /* Button Fun-Info.plist */ = {isa = PBXFileReference; lastKnownFileType = text.plist.xml; path = "Button Fun-Info.plist"; sourceTree = "<group>"; };
		EF5044051533CC7100377396 /* en */ = {isa = PBXFileReference; lastKnownFileType = text.plist.strings; name = en; path = en.lproj/InfoPlist.strings; sourceTree = "<group>"; };
		EF5044071533CC7100377396 /* main.m */ = {isa = PBXFileReference; lastKnownFileType = sourcecode.c.objc; path = main.m; sourceTree = "<group>"; };
		EF5044091533CC7100377396 /* Button Fun-Prefix.pch */ = {isa = PBXFileReference; lastKnownFileType = sourcecode.c.h; path = "Button Fun-Prefix.pch"; sourceTree = "<group>"; };
		EF50440A1533CC7100377396 /* BIDAppDelegate.h */ = {isa = PBXFileReference; lastKnownFileType = sourcecode.c.h; path = BIDAppDelegate.h; sourceTree = "<group>"; };
		EF50440B1533CC7100377396 /* BIDAppDelegate.m */ = {isa = PBXFileReference; lastKnownFileType = sourcecode.c.objc; path = BIDAppDelegate.m; sourceTree = "<group>"; };
		EF50440D1533CC7100377396 /* BIDViewController.h */ = {isa = PBXFileReference; lastKnownFileType = sourcecode.c.h; path = BIDViewController.h; sourceTree = "<group>"; };
		EF50440E1533CC7100377396 /* BIDViewController.m */ = {isa = PBXFileReference; lastKnownFileType = sourcecode.c.objc; path = BIDViewController.m; sourceTree = "<group>"; };
		EF5044111533CC7100377396 /* en */ = {isa = PBXFileReference; lastKnownFileType = file.xib; name = en; path = en.lproj/BIDViewController.xib; sourceTree = "<group>"; };
/* End PBXFileReference section */

/* Begin PBXFrameworksBuildPhase section */
		EF5043F41533CC7000377396 /* Frameworks */ = {
			isa = PBXFrameworksBuildPhase;
			buildActionMask = 2147483647;
			files = (
				EF5043FC1533CC7000377396 /* UIKit.framework in Frameworks */,
				EF5043FE1533CC7000377396 /* Foundation.framework in Frameworks */,
				EF5044001533CC7000377396 /* CoreGraphics.framework in Frameworks */,
			);
			runOnlyForDeploymentPostprocessing = 0;
		};
/* End PBXFrameworksBuildPhase section */

/* Begin PBXGroup section */
		EF5043EC1533CC7000377396 = {
			isa = PBXGroup;
			children = (
				EF5044011533CC7000377396 /* Button Fun */,
				EF5043FA1533CC7000377396 /* Frameworks */,
				EF5043F81533CC7000377396 /* Products */,
			);
			sourceTree = "<group>";
		};
		EF5043F81533CC7000377396 /* Products */ = {
			isa = PBXGroup;
			children = (
				EF5043F71533CC7000377396 /* Button Fun.app */,
			);
			name = Products;
			sourceTree = "<group>";
		};
		EF5043FA1533CC7000377396 /* Frameworks */ = {
			isa = PBXGroup;
			children = (
				EF5043FB1533CC7000377396 /* UIKit.framework */,
				EF5043FD1533CC7000377396 /* Foundation.framework */,
				EF5043FF1533CC7000377396 /* CoreGraphics.framework */,
			);
			name = Frameworks;
			sourceTree = "<group>";
		};
		EF5044011533CC7000377396 /* Button Fun */ = {
			isa = PBXGroup;
			children = (
				EF50440A1533CC7100377396 /* BIDAppDelegate.h */,
				EF50440B1533CC7100377396 /* BIDAppDelegate.m */,
				EF50440D1533CC7100377396 /* BIDViewController.h */,
				EF50440E1533CC7100377396 /* BIDViewController.m */,
				EF5044101533CC7100377396 /* BIDViewController.xib */,
				EF5044021533CC7100377396 /* Supporting Files */,
			);
			path = "Button Fun";
			sourceTree = "<group>";
		};
		EF5044021533CC7100377396 /* Supporting Files */ = {
			isa = PBXGroup;
			children = (
				EF5044031533CC7100377396 /* Button Fun-Info.plist */,
				EF5044041533CC7100377396 /* InfoPlist.strings */,
				EF5044071533CC7100377396 /* main.m */,
				EF5044091533CC7100377396 /* Button Fun-Prefix.pch */,
			);
			name = "Supporting Files";
			sourceTree = "<group>";
		};
/* End PBXGroup section */

/* Begin PBXNativeTarget section */
		EF5043F61533CC7000377396 /* Button Fun */ = {
			isa = PBXNativeTarget;
			buildConfigurationList = EF5044151533CC7100377396 /* Build configuration list for PBXNativeTarget "Button Fun" */;
			buildPhases = (
				EF5043F31533CC7000377396 /* Sources */,
				EF5043F41533CC7000377396 /* Frameworks */,
				EF5043F51533CC7000377396 /* Resources */,
			);
			buildRules = (
			);
			dependencies = (
			);
			name = "Button Fun";
			productName = "Button Fun";
			productReference = EF5043F71533CC7000377396 /* Button Fun.app */;
			productType = "com.apple.product-type.application";
		};
/* End PBXNativeTarget section */

/* Begin PBXProject section */
		EF5043EE1533CC7000377396 /* Project object */ = {
			isa = PBXProject;
			attributes = {
				CLASSPREFIX = BID;
				LastUpgradeCheck = 0430;
			};
			buildConfigurationList = EF5043F11533CC7000377396 /* Build configuration list for PBXProject "Button Fun" */;
			compatibilityVersion = "Xcode 3.2";
			developmentRegion = English;
			hasScannedForEncodings = 0;
			knownRegions = (
				en,
			);
			mainGroup = EF5043EC1533CC7000377396;
			productRefGroup = EF5043F81533CC7000377396 /* Products */;
			projectDirPath = "";
			projectRoot = "";
			targets = (
				EF5043F61533CC7000377396 /* Button Fun */,
			);
		};
/* End PBXProject section */

/* Begin PBXResourcesBuildPhase section */
		EF5043F51533CC7000377396 /* Resources */ = {
			isa = PBXResourcesBuildPhase;
			buildActionMask = 2147483647;
			files = (
				EF5044061533CC7100377396 /* InfoPlist.strings in Resources */,
				EF5044121533CC7100377396 /* BIDViewController.xib in Resources */,
			);
			runOnlyForDeploymentPostprocessing = 0;
		};
/* End PBXResourcesBuildPhase section */

/* Begin PBXSourcesBuildPhase section */
		EF5043F31533CC7000377396 /* Sources */ = {
			isa = PBXSourcesBuildPhase;
			buildActionMask = 2147483647;
			files = (
				EF5044081533CC7100377396 /* main.m in Sources */,
				EF50440C1533CC7100377396 /* BIDAppDelegate.m in Sources */,
				EF50440F1533CC7100377396 /* BIDViewController.m in Sources */,
			);
			runOnlyForDeploymentPostprocessing = 0;
		};
/* End PBXSourcesBuildPhase section */

/* Begin PBXVariantGroup section */
		EF5044041533CC7100377396 /* InfoPlist.strings */ = {
			isa = PBXVariantGroup;
			children = (
				EF5044051533CC7100377396 /* en */,
			);
			name = InfoPlist.strings;
			sourceTree = "<group>";
		};
		EF5044101533CC7100377396 /* BIDViewController.xib */ = {
			isa = PBXVariantGroup;
			children = (
				EF5044111533CC7100377396 /* en */,
			);
			name = BIDViewController.xib;
			sourceTree = "<group>";
		};
/* End PBXVariantGroup section */

/* Begin XCBuildConfiguration section */
		EF5044131533CC7100377396 /* Debug */ = {
			isa = XCBuildConfiguration;
			buildSettings = {
				ALWAYS_SEARCH_USER_PATHS = NO;
				ARCHS = "$(ARCHS_STANDARD_32_BIT)";
				CLANG_ENABLE_OBJC_ARC = YES;
				"CODE_SIGN_IDENTITY[sdk=iphoneos*]" = "iPhone Developer";
				COPY_PHASE_STRIP = NO;
				GCC_C_LANGUAGE_STANDARD = gnu99;
				GCC_DYNAMIC_NO_PIC = NO;
				GCC_OPTIMIZATION_LEVEL = 0;
				GCC_PREPROCESSOR_DEFINITIONS = (
					"DEBUG=1",
					"$(inherited)",
				);
				GCC_SYMBOLS_PRIVATE_EXTERN = NO;
				GCC_VERSION = com.apple.compilers.llvm.clang.1_0;
				GCC_WARN_ABOUT_RETURN_TYPE = YES;
				GCC_WARN_UNINITIALIZED_AUTOS = YES;
				GCC_WARN_UNUSED_VARIABLE = YES;
				IPHONEOS_DEPLOYMENT_TARGET = 5.1;
				SDKROOT = iphoneos;
			};
			name = Debug;
		};
		EF5044141533CC7100377396 /* Release */ = {
			isa = XCBuildConfiguration;
			buildSettings = {
				ALWAYS_SEARCH_USER_PATHS = NO;
				ARCHS = "$(ARCHS_STANDARD_32_BIT)";
				CLANG_ENABLE_OBJC_ARC = YES;
				"CODE_SIGN_IDENTITY[sdk=iphoneos*]" = "iPhone Developer";
				COPY_PHASE_STRIP = YES;
				GCC_C_LANGUAGE_STANDARD = gnu99;
				GCC_VERSION = com.apple.compilers.llvm.clang.1_0;
				GCC_WARN_ABOUT_RETURN_TYPE = YES;
				GCC_WARN_UNINITIALIZED_AUTOS = YES;
				GCC_WARN_UNUSED_VARIABLE = YES;
				IPHONEOS_DEPLOYMENT_TARGET = 5.1;
				OTHER_CFLAGS = "-DNS_BLOCK_ASSERTIONS=1";
				SDKROOT = iphoneos;
				VALIDATE_PRODUCT = YES;
			};
			name = Release;
		};
		EF5044161533CC7100377396 /* Debug */ = {
			isa = XCBuildConfiguration;
			buildSettings = {
				GCC_PRECOMPILE_PREFIX_HEADER = YES;
				GCC_PREFIX_HEADER = "Button Fun/Button Fun-Prefix.pch";
				INFOPLIST_FILE = "Button Fun/Button Fun-Info.plist";
				PRODUCT_NAME = "$(TARGET_NAME)";
				WRAPPER_EXTENSION = app;
			};
			name = Debug;
		};
		EF5044171533CC7100377396 /* Release */ = {
			isa = XCBuildConfiguration;
			buildSettings = {
				GCC_PRECOMPILE_PREFIX_HEADER = YES;
				GCC_PREFIX_HEADER = "Button Fun/Button Fun-Prefix.pch";
				INFOPLIST_FILE = "Button Fun/Button Fun-Info.plist";
				PRODUCT_NAME = "$(TARGET_NAME)";
				WRAPPER_EXTENSION = app;
			};
			name = Release;
		};
/* End XCBuildConfiguration section */

/* Begin XCConfigurationList section */
		EF5043F11533CC7000377396 /* Build configuration list for PBXProject "Button Fun" */ = {
			isa = XCConfigurationList;
			buildConfigurations = (
				EF5044131533CC7100377396 /* Debug */,
				EF5044141533CC7100377396 /* Release */,
			);
			defaultConfigurationIsVisible = 0;
			defaultConfigurationName = Release;
		};
		EF5044151533CC7100377396 /* Build configuration list for PBXNativeTarget "Button Fun" */ = {
			isa = XCConfigurationList;
			buildConfigurations = (
				EF5044161533CC7100377396 /* Debug */,
				EF5044171533CC7100377396 /* Release */,
			);
			defaultConfigurationIsVisible = 0;
		};
/* End XCConfigurationList section */
	};
	rootObject = EF5043EE1533CC7000377396 /* Project object */;
}
